
Microsoft Visual Studio Solution File, Format Version 12.00
# Visual Studio Version 16
VisualStudioVersion = 16.0.30517.126
MinimumVisualStudioVersion = 10.0.40219.1
Project("{FAE04EC0-301F-11D3-BF4B-00C04F79EFBC}") = "Tic-Tac-Toe", "Tic-Tac-Toe\Tic-Tac-Toe.csproj", "{869A5182-A9F1-424C-BC82-7540CB686712}"
EndProject
Global
	GlobalSection(SolutionConfigurationPlatforms) = preSolution
		Debug|Any CPU = Debug|Any CPU
		Release|Any CPU = Release|Any CPU
	EndGlobalSection
	GlobalSection(ProjectConfigurationPlatforms) = postSolution
		{869A5182-A9F1-424C-BC82-7540CB686712}.Debug|Any CPU.ActiveCfg = Debug|Any CPU
		{869A5182-A9F1-424C-BC82-7540CB686712}.Debug|Any CPU.Build.0 = Debug|Any CPU
		{869A5182-A9F1-424C-BC82-7540CB686712}.Release|Any CPU.ActiveCfg = Release|Any CPU
		{869A5182-A9F1-424C-BC82-7540CB686712}.Release|Any CPU.Build.0 = Release|Any CPU
	EndGlobalSection
	GlobalSection(SolutionProperties) = preSolution
		HideSolutionNode = FALSE
	EndGlobalSection
	GlobalSection(ExtensibilityGlobals) = postSolution
		SolutionGuid = {7BD4F904-B220-4A4A-8755-E848B0DB5A14}
	EndGlobalSection
EndGlobal
